// !$*UTF8*$!
{
	archiveVersion = 1;
	classes = {
	};
	objectVersion = 52;
	objects = {

/* Begin PBXBuildFile section */
		423279842EB4E8D624F427D7 /* Pods_Scatagories.framework in Frameworks */ = {isa = PBXBuildFile; fileRef = 48F48D477FC29B84D8E10134 /* Pods_Scatagories.framework */; };
		8607AF1825C26F8D0081DB9D /* TimerView.swift in Sources */ = {isa = PBXBuildFile; fileRef = 8607AF1625C26F8D0081DB9D /* TimerView.swift */; };
		8607AF1925C26F8D0081DB9D /* TimerManager.swift in Sources */ = {isa = PBXBuildFile; fileRef = 8607AF1725C26F8D0081DB9D /* TimerManager.swift */; };
		8641738725B27D3A00AD5625 /* CatagoriesApp.swift in Sources */ = {isa = PBXBuildFile; fileRef = 8641738625B27D3A00AD5625 /* CatagoriesApp.swift */; };
		8641738925B27D3A00AD5625 /* CategoriesGame.swift in Sources */ = {isa = PBXBuildFile; fileRef = 8641738825B27D3A00AD5625 /* CategoriesGame.swift */; };
		8641738B25B27D3D00AD5625 /* Assets.xcassets in Resources */ = {isa = PBXBuildFile; fileRef = 8641738A25B27D3D00AD5625 /* Assets.xcassets */; };
		8641738E25B27D3D00AD5625 /* Preview Assets.xcassets in Resources */ = {isa = PBXBuildFile; fileRef = 8641738D25B27D3D00AD5625 /* Preview Assets.xcassets */; };
		8641739825B2879A00AD5625 /* list1.json in Resources */ = {isa = PBXBuildFile; fileRef = 8641739725B2879A00AD5625 /* list1.json */; };
		8641739C25B2887B00AD5625 /* CategoryList.swift in Sources */ = {isa = PBXBuildFile; fileRef = 8641739B25B2887B00AD5625 /* CategoryList.swift */; };
		864173A325B289DA00AD5625 /* CategoriesTextField.swift in Sources */ = {isa = PBXBuildFile; fileRef = 864173A225B289DA00AD5625 /* CategoriesTextField.swift */; };
		864173A825B28F7000AD5625 /* NetworkManager.swift in Sources */ = {isa = PBXBuildFile; fileRef = 864173A725B28F7000AD5625 /* NetworkManager.swift */; };
		864173AC25B343ED00AD5625 /* ErrorView.swift in Sources */ = {isa = PBXBuildFile; fileRef = 864173AB25B343ED00AD5625 /* ErrorView.swift */; };
		864173AF25B3447F00AD5625 /* LoadingView.swift in Sources */ = {isa = PBXBuildFile; fileRef = 864173AE25B3447F00AD5625 /* LoadingView.swift */; };
		864173B225B34AF400AD5625 /* GoogleService-Info.plist in Resources */ = {isa = PBXBuildFile; fileRef = 864173B125B34AF400AD5625 /* GoogleService-Info.plist */; };
		864173C325B34BBC00AD5625 /* AppDelegate.swift in Sources */ = {isa = PBXBuildFile; fileRef = 864173C225B34BBC00AD5625 /* AppDelegate.swift */; };
		864173D425B34E5D00AD5625 /* DatabaseManager.swift in Sources */ = {isa = PBXBuildFile; fileRef = 864173D325B34E5D00AD5625 /* DatabaseManager.swift */; };
		864173FE25B37B9E00AD5625 /* ListOfCategories.swift in Sources */ = {isa = PBXBuildFile; fileRef = 864173FD25B37B9E00AD5625 /* ListOfCategories.swift */; };
		8641740125B37D0C00AD5625 /* HomeScreen.swift in Sources */ = {isa = PBXBuildFile; fileRef = 8641740025B37D0C00AD5625 /* HomeScreen.swift */; };
		8641740425B382DF00AD5625 /* PointsView.swift in Sources */ = {isa = PBXBuildFile; fileRef = 8641740325B382DF00AD5625 /* PointsView.swift */; };
		8641740725B3B4C600AD5625 /* PointStepper.swift in Sources */ = {isa = PBXBuildFile; fileRef = 8641740625B3B4C600AD5625 /* PointStepper.swift */; };
		8641740A25B4A57B00AD5625 /* RandomLetterPicker.swift in Sources */ = {isa = PBXBuildFile; fileRef = 8641740925B4A57B00AD5625 /* RandomLetterPicker.swift */; };
		8641740D25B4A5BA00AD5625 /* TotalPointsView.swift in Sources */ = {isa = PBXBuildFile; fileRef = 8641740C25B4A5BA00AD5625 /* TotalPointsView.swift */; };
		867E0E0A25BE1F1A00459CF1 /* ZoomigoriesMainView.swift in Sources */ = {isa = PBXBuildFile; fileRef = 867E0E0925BE1F1A00459CF1 /* ZoomigoriesMainView.swift */; };
		867E0E1E25BFA34600459CF1 /* SocketIO in Frameworks */ = {isa = PBXBuildFile; productRef = 867E0E1D25BFA34600459CF1 /* SocketIO */; };
		867E0E2225BFBFDF00459CF1 /* EnterNameView.swift in Sources */ = {isa = PBXBuildFile; fileRef = 867E0E2125BFBFDF00459CF1 /* EnterNameView.swift */; };
		867E0E2625BFC18600459CF1 /* RoundOverView.swift in Sources */ = {isa = PBXBuildFile; fileRef = 867E0E2525BFC18600459CF1 /* RoundOverView.swift */; };
		867E0E2925BFC1FB00459CF1 /* SocketHelper.swift in Sources */ = {isa = PBXBuildFile; fileRef = 867E0E2825BFC1FB00459CF1 /* SocketHelper.swift */; };
		867E0E2D25C05D1400459CF1 /* OnlineGameManager.swift in Sources */ = {isa = PBXBuildFile; fileRef = 867E0E2C25C05D1400459CF1 /* OnlineGameManager.swift */; };
		867E0E3225C064B400459CF1 /* User.swift in Sources */ = {isa = PBXBuildFile; fileRef = 867E0E3125C064B400459CF1 /* User.swift */; };
		8694BD3425C33C7200ED9416 /* Helper.swift in Sources */ = {isa = PBXBuildFile; fileRef = 8694BD3325C33C7200ED9416 /* Helper.swift */; };
		86B345C625C0C37F00302A96 /* ScoreboardView.swift in Sources */ = {isa = PBXBuildFile; fileRef = 86B345C525C0C37F00302A96 /* ScoreboardView.swift */; };
		86B345C925C0C3DF00302A96 /* PublicButtonsView.swift in Sources */ = {isa = PBXBuildFile; fileRef = 86B345C825C0C3DF00302A96 /* PublicButtonsView.swift */; };
		86B345CC25C0F30100302A96 /* LeaderButtons.swift in Sources */ = {isa = PBXBuildFile; fileRef = 86B345CB25C0F30100302A96 /* LeaderButtons.swift */; };
		86B345CF25C0F33B00302A96 /* ReadyUpButton.swift in Sources */ = {isa = PBXBuildFile; fileRef = 86B345CE25C0F33B00302A96 /* ReadyUpButton.swift */; };
		86B345F925C1C64400302A96 /* OnlineGameViewHolder.swift in Sources */ = {isa = PBXBuildFile; fileRef = 86B345F825C1C64400302A96 /* OnlineGameViewHolder.swift */; };
/* End PBXBuildFile section */

/* Begin PBXFileReference section */
		0A0B84C8E07E631689253B97 /* Pods-Scatagories.debug.xcconfig */ = {isa = PBXFileReference; includeInIndex = 1; lastKnownFileType = text.xcconfig; name = "Pods-Scatagories.debug.xcconfig"; path = "Target Support Files/Pods-Scatagories/Pods-Scatagories.debug.xcconfig"; sourceTree = "<group>"; };
		48F48D477FC29B84D8E10134 /* Pods_Scatagories.framework */ = {isa = PBXFileReference; explicitFileType = wrapper.framework; includeInIndex = 0; path = Pods_Scatagories.framework; sourceTree = BUILT_PRODUCTS_DIR; };
		84468D09743EA73E1BB93A2E /* Pods-Scatagories.release.xcconfig */ = {isa = PBXFileReference; includeInIndex = 1; lastKnownFileType = text.xcconfig; name = "Pods-Scatagories.release.xcconfig"; path = "Target Support Files/Pods-Scatagories/Pods-Scatagories.release.xcconfig"; sourceTree = "<group>"; };
		8607AF1625C26F8D0081DB9D /* TimerView.swift */ = {isa = PBXFileReference; fileEncoding = 4; lastKnownFileType = sourcecode.swift; path = TimerView.swift; sourceTree = "<group>"; };
		8607AF1725C26F8D0081DB9D /* TimerManager.swift */ = {isa = PBXFileReference; fileEncoding = 4; lastKnownFileType = sourcecode.swift; path = TimerManager.swift; sourceTree = "<group>"; };
		8641738325B27D3A00AD5625 /* Zoomigories.app */ = {isa = PBXFileReference; explicitFileType = wrapper.application; includeInIndex = 0; path = Zoomigories.app; sourceTree = BUILT_PRODUCTS_DIR; };
		8641738625B27D3A00AD5625 /* CatagoriesApp.swift */ = {isa = PBXFileReference; lastKnownFileType = sourcecode.swift; path = CatagoriesApp.swift; sourceTree = "<group>"; };
		8641738825B27D3A00AD5625 /* CategoriesGame.swift */ = {isa = PBXFileReference; lastKnownFileType = sourcecode.swift; path = CategoriesGame.swift; sourceTree = "<group>"; };
		8641738A25B27D3D00AD5625 /* Assets.xcassets */ = {isa = PBXFileReference; lastKnownFileType = folder.assetcatalog; path = Assets.xcassets; sourceTree = "<group>"; };
		8641738D25B27D3D00AD5625 /* Preview Assets.xcassets */ = {isa = PBXFileReference; lastKnownFileType = folder.assetcatalog; path = "Preview Assets.xcassets"; sourceTree = "<group>"; };
		8641738F25B27D3D00AD5625 /* Info.plist */ = {isa = PBXFileReference; lastKnownFileType = text.plist.xml; path = Info.plist; sourceTree = "<group>"; };
		8641739725B2879A00AD5625 /* list1.json */ = {isa = PBXFileReference; lastKnownFileType = text.json; path = list1.json; sourceTree = "<group>"; };
		8641739B25B2887B00AD5625 /* CategoryList.swift */ = {isa = PBXFileReference; lastKnownFileType = sourcecode.swift; path = CategoryList.swift; sourceTree = "<group>"; };
		864173A225B289DA00AD5625 /* CategoriesTextField.swift */ = {isa = PBXFileReference; lastKnownFileType = sourcecode.swift; path = CategoriesTextField.swift; sourceTree = "<group>"; };
		864173A725B28F7000AD5625 /* NetworkManager.swift */ = {isa = PBXFileReference; lastKnownFileType = sourcecode.swift; path = NetworkManager.swift; sourceTree = "<group>"; };
		864173AB25B343ED00AD5625 /* ErrorView.swift */ = {isa = PBXFileReference; lastKnownFileType = sourcecode.swift; path = ErrorView.swift; sourceTree = "<group>"; };
		864173AE25B3447F00AD5625 /* LoadingView.swift */ = {isa = PBXFileReference; lastKnownFileType = sourcecode.swift; path = LoadingView.swift; sourceTree = "<group>"; };
		864173B125B34AF400AD5625 /* GoogleService-Info.plist */ = {isa = PBXFileReference; fileEncoding = 4; lastKnownFileType = text.plist.xml; path = "GoogleService-Info.plist"; sourceTree = "<group>"; };
		864173C225B34BBC00AD5625 /* AppDelegate.swift */ = {isa = PBXFileReference; lastKnownFileType = sourcecode.swift; path = AppDelegate.swift; sourceTree = "<group>"; };
		864173D325B34E5D00AD5625 /* DatabaseManager.swift */ = {isa = PBXFileReference; lastKnownFileType = sourcecode.swift; path = DatabaseManager.swift; sourceTree = "<group>"; };
		864173FD25B37B9E00AD5625 /* ListOfCategories.swift */ = {isa = PBXFileReference; lastKnownFileType = sourcecode.swift; path = ListOfCategories.swift; sourceTree = "<group>"; };
		8641740025B37D0C00AD5625 /* HomeScreen.swift */ = {isa = PBXFileReference; lastKnownFileType = sourcecode.swift; path = HomeScreen.swift; sourceTree = "<group>"; };
		8641740325B382DF00AD5625 /* PointsView.swift */ = {isa = PBXFileReference; lastKnownFileType = sourcecode.swift; path = PointsView.swift; sourceTree = "<group>"; };
		8641740625B3B4C600AD5625 /* PointStepper.swift */ = {isa = PBXFileReference; lastKnownFileType = sourcecode.swift; path = PointStepper.swift; sourceTree = "<group>"; };
		8641740925B4A57B00AD5625 /* RandomLetterPicker.swift */ = {isa = PBXFileReference; lastKnownFileType = sourcecode.swift; path = RandomLetterPicker.swift; sourceTree = "<group>"; };
		8641740C25B4A5BA00AD5625 /* TotalPointsView.swift */ = {isa = PBXFileReference; lastKnownFileType = sourcecode.swift; path = TotalPointsView.swift; sourceTree = "<group>"; };
		867E0E0925BE1F1A00459CF1 /* ZoomigoriesMainView.swift */ = {isa = PBXFileReference; lastKnownFileType = sourcecode.swift; path = ZoomigoriesMainView.swift; sourceTree = "<group>"; };
		867E0E2125BFBFDF00459CF1 /* EnterNameView.swift */ = {isa = PBXFileReference; lastKnownFileType = sourcecode.swift; path = EnterNameView.swift; sourceTree = "<group>"; };
		867E0E2525BFC18600459CF1 /* RoundOverView.swift */ = {isa = PBXFileReference; lastKnownFileType = sourcecode.swift; path = RoundOverView.swift; sourceTree = "<group>"; };
		867E0E2825BFC1FB00459CF1 /* SocketHelper.swift */ = {isa = PBXFileReference; lastKnownFileType = sourcecode.swift; path = SocketHelper.swift; sourceTree = "<group>"; };
		867E0E2C25C05D1400459CF1 /* OnlineGameManager.swift */ = {isa = PBXFileReference; lastKnownFileType = sourcecode.swift; path = OnlineGameManager.swift; sourceTree = "<group>"; };
		867E0E3125C064B400459CF1 /* User.swift */ = {isa = PBXFileReference; lastKnownFileType = sourcecode.swift; path = User.swift; sourceTree = "<group>"; };
		8694BD3325C33C7200ED9416 /* Helper.swift */ = {isa = PBXFileReference; lastKnownFileType = sourcecode.swift; path = Helper.swift; sourceTree = "<group>"; };
		86B345C525C0C37F00302A96 /* ScoreboardView.swift */ = {isa = PBXFileReference; lastKnownFileType = sourcecode.swift; path = ScoreboardView.swift; sourceTree = "<group>"; };
		86B345C825C0C3DF00302A96 /* PublicButtonsView.swift */ = {isa = PBXFileReference; lastKnownFileType = sourcecode.swift; path = PublicButtonsView.swift; sourceTree = "<group>"; };
		86B345CB25C0F30100302A96 /* LeaderButtons.swift */ = {isa = PBXFileReference; lastKnownFileType = sourcecode.swift; path = LeaderButtons.swift; sourceTree = "<group>"; };
		86B345CE25C0F33B00302A96 /* ReadyUpButton.swift */ = {isa = PBXFileReference; lastKnownFileType = sourcecode.swift; path = ReadyUpButton.swift; sourceTree = "<group>"; };
		86B345F825C1C64400302A96 /* OnlineGameViewHolder.swift */ = {isa = PBXFileReference; lastKnownFileType = sourcecode.swift; path = OnlineGameViewHolder.swift; sourceTree = "<group>"; };
/* End PBXFileReference section */

/* Begin PBXFrameworksBuildPhase section */
		8641738025B27D3A00AD5625 /* Frameworks */ = {
			isa = PBXFrameworksBuildPhase;
			buildActionMask = 2147483647;
			files = (
				423279842EB4E8D624F427D7 /* Pods_Scatagories.framework in Frameworks */,
				867E0E1E25BFA34600459CF1 /* SocketIO in Frameworks */,
			);
			runOnlyForDeploymentPostprocessing = 0;
		};
/* End PBXFrameworksBuildPhase section */

/* Begin PBXGroup section */
		52274691C9227F8A31398DD6 /* Pods */ = {
			isa = PBXGroup;
			children = (
				0A0B84C8E07E631689253B97 /* Pods-Scatagories.debug.xcconfig */,
				84468D09743EA73E1BB93A2E /* Pods-Scatagories.release.xcconfig */,
			);
			path = Pods;
			sourceTree = "<group>";
		};
		6E475DFF70052F7C2A4DD57F /* Frameworks */ = {
			isa = PBXGroup;
			children = (
				48F48D477FC29B84D8E10134 /* Pods_Scatagories.framework */,
			);
			name = Frameworks;
			sourceTree = "<group>";
		};
		8607AF1525C26F810081DB9D /* timer */ = {
			isa = PBXGroup;
			children = (
				8607AF1725C26F8D0081DB9D /* TimerManager.swift */,
				8607AF1625C26F8D0081DB9D /* TimerView.swift */,
			);
			path = timer;
			sourceTree = "<group>";
		};
		8641737A25B27D3A00AD5625 = {
			isa = PBXGroup;
			children = (
				8641738525B27D3A00AD5625 /* Zoomigories */,
				8641738425B27D3A00AD5625 /* Products */,
				52274691C9227F8A31398DD6 /* Pods */,
				6E475DFF70052F7C2A4DD57F /* Frameworks */,
			);
			sourceTree = "<group>";
		};
		8641738425B27D3A00AD5625 /* Products */ = {
			isa = PBXGroup;
			children = (
				8641738325B27D3A00AD5625 /* Zoomigories.app */,
			);
			name = Products;
			sourceTree = "<group>";
		};
		8641738525B27D3A00AD5625 /* Zoomigories */ = {
			isa = PBXGroup;
			children = (
				864173A625B28F4200AD5625 /* network */,
				8641739F25B2889400AD5625 /* view */,
				8641739E25B2887F00AD5625 /* model */,
				8641739625B2874E00AD5625 /* lists */,
				8641738625B27D3A00AD5625 /* CatagoriesApp.swift */,
				8641738A25B27D3D00AD5625 /* Assets.xcassets */,
				8641738F25B27D3D00AD5625 /* Info.plist */,
				8641738C25B27D3D00AD5625 /* Preview Content */,
				864173C225B34BBC00AD5625 /* AppDelegate.swift */,
				864173B125B34AF400AD5625 /* GoogleService-Info.plist */,
			);
			path = Zoomigories;
			sourceTree = "<group>";
		};
		8641738C25B27D3D00AD5625 /* Preview Content */ = {
			isa = PBXGroup;
			children = (
				8641738D25B27D3D00AD5625 /* Preview Assets.xcassets */,
			);
			path = "Preview Content";
			sourceTree = "<group>";
		};
		8641739625B2874E00AD5625 /* lists */ = {
			isa = PBXGroup;
			children = (
				8641739725B2879A00AD5625 /* list1.json */,
			);
			path = lists;
			sourceTree = "<group>";
		};
		8641739E25B2887F00AD5625 /* model */ = {
			isa = PBXGroup;
			children = (
				8641739B25B2887B00AD5625 /* CategoryList.swift */,
				867E0E3125C064B400459CF1 /* User.swift */,
			);
			path = model;
			sourceTree = "<group>";
		};
		8641739F25B2889400AD5625 /* view */ = {
			isa = PBXGroup;
			children = (
				867E0E2025BFBFBD00459CF1 /* online */,
				8641741025B4A6D300AD5625 /* game */,
				8641740F25B4A6BA00AD5625 /* homescreen */,
			);
			path = view;
			sourceTree = "<group>";
		};
		864173A625B28F4200AD5625 /* network */ = {
			isa = PBXGroup;
			children = (
				864173A725B28F7000AD5625 /* NetworkManager.swift */,
				864173D325B34E5D00AD5625 /* DatabaseManager.swift */,
				867E0E2825BFC1FB00459CF1 /* SocketHelper.swift */,
				867E0E2C25C05D1400459CF1 /* OnlineGameManager.swift */,
				8694BD3325C33C7200ED9416 /* Helper.swift */,
			);
			path = network;
			sourceTree = "<group>";
		};
		8641740F25B4A6BA00AD5625 /* homescreen */ = {
			isa = PBXGroup;
			children = (
				8641740025B37D0C00AD5625 /* HomeScreen.swift */,
				8641740C25B4A5BA00AD5625 /* TotalPointsView.swift */,
				8641740925B4A57B00AD5625 /* RandomLetterPicker.swift */,
			);
			path = homescreen;
			sourceTree = "<group>";
		};
		8641741025B4A6D300AD5625 /* game */ = {
			isa = PBXGroup;
			children = (
				8607AF1525C26F810081DB9D /* timer */,
				8641741225B4A75C00AD5625 /* category */,
				8641741125B4A6FC00AD5625 /* points */,
				8641738825B27D3A00AD5625 /* CategoriesGame.swift */,
				864173AB25B343ED00AD5625 /* ErrorView.swift */,
				864173AE25B3447F00AD5625 /* LoadingView.swift */,
			);
			path = game;
			sourceTree = "<group>";
		};
		8641741125B4A6FC00AD5625 /* points */ = {
			isa = PBXGroup;
			children = (
				8641740625B3B4C600AD5625 /* PointStepper.swift */,
				8641740325B382DF00AD5625 /* PointsView.swift */,
			);
			path = points;
			sourceTree = "<group>";
		};
		8641741225B4A75C00AD5625 /* category */ = {
			isa = PBXGroup;
			children = (
				864173A225B289DA00AD5625 /* CategoriesTextField.swift */,
				864173FD25B37B9E00AD5625 /* ListOfCategories.swift */,
				867E0E0925BE1F1A00459CF1 /* ZoomigoriesMainView.swift */,
			);
			path = category;
			sourceTree = "<group>";
		};
		867E0E2025BFBFBD00459CF1 /* online */ = {
			isa = PBXGroup;
			children = (
				86B345FB25C1C65400302A96 /* subviews */,
				867E0E2525BFC18600459CF1 /* RoundOverView.swift */,
				86B345F825C1C64400302A96 /* OnlineGameViewHolder.swift */,
				867E0E2125BFBFDF00459CF1 /* EnterNameView.swift */,
			);
			path = online;
			sourceTree = "<group>";
		};
		86B345FB25C1C65400302A96 /* subviews */ = {
			isa = PBXGroup;
			children = (
				86B345C525C0C37F00302A96 /* ScoreboardView.swift */,
				86B345C825C0C3DF00302A96 /* PublicButtonsView.swift */,
				86B345CB25C0F30100302A96 /* LeaderButtons.swift */,
				86B345CE25C0F33B00302A96 /* ReadyUpButton.swift */,
			);
			path = subviews;
			sourceTree = "<group>";
		};
/* End PBXGroup section */

/* Begin PBXNativeTarget section */
		8641738225B27D3A00AD5625 /* Scatagories */ = {
			isa = PBXNativeTarget;
			buildConfigurationList = 8641739225B27D3D00AD5625 /* Build configuration list for PBXNativeTarget "Scatagories" */;
			buildPhases = (
				0D31AF7412C4F6E84298204D /* [CP] Check Pods Manifest.lock */,
				8641737F25B27D3A00AD5625 /* Sources */,
				8641738025B27D3A00AD5625 /* Frameworks */,
				8641738125B27D3A00AD5625 /* Resources */,
				8199D0565966AB55E23F528E /* [CP] Embed Pods Frameworks */,
			);
			buildRules = (
			);
			dependencies = (
			);
			name = Scatagories;
			packageProductDependencies = (
				867E0E1D25BFA34600459CF1 /* SocketIO */,
			);
			productName = Scatagories;
			productReference = 8641738325B27D3A00AD5625 /* Zoomigories.app */;
			productType = "com.apple.product-type.application";
		};
/* End PBXNativeTarget section */

/* Begin PBXProject section */
		8641737B25B27D3A00AD5625 /* Project object */ = {
			isa = PBXProject;
			attributes = {
				LastSwiftUpdateCheck = 1230;
				LastUpgradeCheck = 1230;
				TargetAttributes = {
					8641738225B27D3A00AD5625 = {
						CreatedOnToolsVersion = 12.3;
					};
				};
			};
			buildConfigurationList = 8641737E25B27D3A00AD5625 /* Build configuration list for PBXProject "Scatagories" */;
			compatibilityVersion = "Xcode 9.3";
			developmentRegion = en;
			hasScannedForEncodings = 0;
			knownRegions = (
				en,
				Base,
			);
			mainGroup = 8641737A25B27D3A00AD5625;
			packageReferences = (
				867E0E1C25BFA34600459CF1 /* XCRemoteSwiftPackageReference "socket.io-client-swift" */,
			);
			productRefGroup = 8641738425B27D3A00AD5625 /* Products */;
			projectDirPath = "";
			projectRoot = "";
			targets = (
				8641738225B27D3A00AD5625 /* Scatagories */,
			);
		};
/* End PBXProject section */

/* Begin PBXResourcesBuildPhase section */
		8641738125B27D3A00AD5625 /* Resources */ = {
			isa = PBXResourcesBuildPhase;
			buildActionMask = 2147483647;
			files = (
				864173B225B34AF400AD5625 /* GoogleService-Info.plist in Resources */,
				8641739825B2879A00AD5625 /* list1.json in Resources */,
				8641738E25B27D3D00AD5625 /* Preview Assets.xcassets in Resources */,
				8641738B25B27D3D00AD5625 /* Assets.xcassets in Resources */,
			);
			runOnlyForDeploymentPostprocessing = 0;
		};
/* End PBXResourcesBuildPhase section */

/* Begin PBXShellScriptBuildPhase section */
		0D31AF7412C4F6E84298204D /* [CP] Check Pods Manifest.lock */ = {
			isa = PBXShellScriptBuildPhase;
			buildActionMask = 2147483647;
			files = (
			);
			inputFileListPaths = (
			);
			inputPaths = (
				"${PODS_PODFILE_DIR_PATH}/Podfile.lock",
				"${PODS_ROOT}/Manifest.lock",
			);
			name = "[CP] Check Pods Manifest.lock";
			outputFileListPaths = (
			);
			outputPaths = (
				"$(DERIVED_FILE_DIR)/Pods-Scatagories-checkManifestLockResult.txt",
			);
			runOnlyForDeploymentPostprocessing = 0;
			shellPath = /bin/sh;
			shellScript = "diff \"${PODS_PODFILE_DIR_PATH}/Podfile.lock\" \"${PODS_ROOT}/Manifest.lock\" > /dev/null\nif [ $? != 0 ] ; then\n    # print error to STDERR\n    echo \"error: The sandbox is not in sync with the Podfile.lock. Run 'pod install' or update your CocoaPods installation.\" >&2\n    exit 1\nfi\n# This output is used by Xcode 'outputs' to avoid re-running this script phase.\necho \"SUCCESS\" > \"${SCRIPT_OUTPUT_FILE_0}\"\n";
			showEnvVarsInLog = 0;
		};
		8199D0565966AB55E23F528E /* [CP] Embed Pods Frameworks */ = {
			isa = PBXShellScriptBuildPhase;
			buildActionMask = 2147483647;
			files = (
			);
			inputFileListPaths = (
				"${PODS_ROOT}/Target Support Files/Pods-Scatagories/Pods-Scatagories-frameworks-${CONFIGURATION}-input-files.xcfilelist",
			);
			name = "[CP] Embed Pods Frameworks";
			outputFileListPaths = (
				"${PODS_ROOT}/Target Support Files/Pods-Scatagories/Pods-Scatagories-frameworks-${CONFIGURATION}-output-files.xcfilelist",
			);
			runOnlyForDeploymentPostprocessing = 0;
			shellPath = /bin/sh;
			shellScript = "\"${PODS_ROOT}/Target Support Files/Pods-Scatagories/Pods-Scatagories-frameworks.sh\"\n";
			showEnvVarsInLog = 0;
		};
/* End PBXShellScriptBuildPhase section */

/* Begin PBXSourcesBuildPhase section */
		8641737F25B27D3A00AD5625 /* Sources */ = {
			isa = PBXSourcesBuildPhase;
			buildActionMask = 2147483647;
			files = (
				864173C325B34BBC00AD5625 /* AppDelegate.swift in Sources */,
				8641738925B27D3A00AD5625 /* CategoriesGame.swift in Sources */,
				86B345C925C0C3DF00302A96 /* PublicButtonsView.swift in Sources */,
				864173FE25B37B9E00AD5625 /* ListOfCategories.swift in Sources */,
				864173AC25B343ED00AD5625 /* ErrorView.swift in Sources */,
				8607AF1925C26F8D0081DB9D /* TimerManager.swift in Sources */,
				86B345F925C1C64400302A96 /* OnlineGameViewHolder.swift in Sources */,
				8641740125B37D0C00AD5625 /* HomeScreen.swift in Sources */,
				867E0E2225BFBFDF00459CF1 /* EnterNameView.swift in Sources */,
				8641740D25B4A5BA00AD5625 /* TotalPointsView.swift in Sources */,
				8607AF1825C26F8D0081DB9D /* TimerView.swift in Sources */,
				8641738725B27D3A00AD5625 /* CatagoriesApp.swift in Sources */,
				86B345CF25C0F33B00302A96 /* ReadyUpButton.swift in Sources */,
				8641740725B3B4C600AD5625 /* PointStepper.swift in Sources */,
				867E0E0A25BE1F1A00459CF1 /* ZoomigoriesMainView.swift in Sources */,
				86B345CC25C0F30100302A96 /* LeaderButtons.swift in Sources */,
				864173A825B28F7000AD5625 /* NetworkManager.swift in Sources */,
				8641739C25B2887B00AD5625 /* CategoryList.swift in Sources */,
				867E0E2625BFC18600459CF1 /* RoundOverView.swift in Sources */,
				864173AF25B3447F00AD5625 /* LoadingView.swift in Sources */,
				8641740A25B4A57B00AD5625 /* RandomLetterPicker.swift in Sources */,
				867E0E2925BFC1FB00459CF1 /* SocketHelper.swift in Sources */,
				864173A325B289DA00AD5625 /* CategoriesTextField.swift in Sources */,
				867E0E2D25C05D1400459CF1 /* OnlineGameManager.swift in Sources */,
				864173D425B34E5D00AD5625 /* DatabaseManager.swift in Sources */,
				8641740425B382DF00AD5625 /* PointsView.swift in Sources */,
				86B345C625C0C37F00302A96 /* ScoreboardView.swift in Sources */,
				8694BD3425C33C7200ED9416 /* Helper.swift in Sources */,
				867E0E3225C064B400459CF1 /* User.swift in Sources */,
			);
			runOnlyForDeploymentPostprocessing = 0;
		};
/* End PBXSourcesBuildPhase section */

/* Begin XCBuildConfiguration section */
		8641739025B27D3D00AD5625 /* Debug */ = {
			isa = XCBuildConfiguration;
			buildSettings = {
				ALWAYS_SEARCH_USER_PATHS = NO;
				CLANG_ANALYZER_NONNULL = YES;
				CLANG_ANALYZER_NUMBER_OBJECT_CONVERSION = YES_AGGRESSIVE;
				CLANG_CXX_LANGUAGE_STANDARD = "gnu++14";
				CLANG_CXX_LIBRARY = "libc++";
				CLANG_ENABLE_MODULES = YES;
				CLANG_ENABLE_OBJC_ARC = YES;
				CLANG_ENABLE_OBJC_WEAK = YES;
				CLANG_WARN_BLOCK_CAPTURE_AUTORELEASING = YES;
				CLANG_WARN_BOOL_CONVERSION = YES;
				CLANG_WARN_COMMA = YES;
				CLANG_WARN_CONSTANT_CONVERSION = YES;
				CLANG_WARN_DEPRECATED_OBJC_IMPLEMENTATIONS = YES;
				CLANG_WARN_DIRECT_OBJC_ISA_USAGE = YES_ERROR;
				CLANG_WARN_DOCUMENTATION_COMMENTS = YES;
				CLANG_WARN_EMPTY_BODY = YES;
				CLANG_WARN_ENUM_CONVERSION = YES;
				CLANG_WARN_INFINITE_RECURSION = YES;
				CLANG_WARN_INT_CONVERSION = YES;
				CLANG_WARN_NON_LITERAL_NULL_CONVERSION = YES;
				CLANG_WARN_OBJC_IMPLICIT_RETAIN_SELF = YES;
				CLANG_WARN_OBJC_LITERAL_CONVERSION = YES;
				CLANG_WARN_OBJC_ROOT_CLASS = YES_ERROR;
				CLANG_WARN_QUOTED_INCLUDE_IN_FRAMEWORK_HEADER = YES;
				CLANG_WARN_RANGE_LOOP_ANALYSIS = YES;
				CLANG_WARN_STRICT_PROTOTYPES = YES;
				CLANG_WARN_SUSPICIOUS_MOVE = YES;
				CLANG_WARN_UNGUARDED_AVAILABILITY = YES_AGGRESSIVE;
				CLANG_WARN_UNREACHABLE_CODE = YES;
				CLANG_WARN__DUPLICATE_METHOD_MATCH = YES;
				COPY_PHASE_STRIP = NO;
				DEBUG_INFORMATION_FORMAT = dwarf;
				ENABLE_STRICT_OBJC_MSGSEND = YES;
				ENABLE_TESTABILITY = YES;
				GCC_C_LANGUAGE_STANDARD = gnu11;
				GCC_DYNAMIC_NO_PIC = NO;
				GCC_NO_COMMON_BLOCKS = YES;
				GCC_OPTIMIZATION_LEVEL = 0;
				GCC_PREPROCESSOR_DEFINITIONS = (
					"DEBUG=1",
					"$(inherited)",
				);
				GCC_WARN_64_TO_32_BIT_CONVERSION = YES;
				GCC_WARN_ABOUT_RETURN_TYPE = YES_ERROR;
				GCC_WARN_UNDECLARED_SELECTOR = YES;
				GCC_WARN_UNINITIALIZED_AUTOS = YES_AGGRESSIVE;
				GCC_WARN_UNUSED_FUNCTION = YES;
				GCC_WARN_UNUSED_VARIABLE = YES;
				IPHONEOS_DEPLOYMENT_TARGET = 14.3;
				MTL_ENABLE_DEBUG_INFO = INCLUDE_SOURCE;
				MTL_FAST_MATH = YES;
				ONLY_ACTIVE_ARCH = YES;
				SDKROOT = iphoneos;
				SWIFT_ACTIVE_COMPILATION_CONDITIONS = DEBUG;
				SWIFT_OPTIMIZATION_LEVEL = "-Onone";
			};
			name = Debug;
		};
		8641739125B27D3D00AD5625 /* Release */ = {
			isa = XCBuildConfiguration;
			buildSettings = {
				ALWAYS_SEARCH_USER_PATHS = NO;
				CLANG_ANALYZER_NONNULL = YES;
				CLANG_ANALYZER_NUMBER_OBJECT_CONVERSION = YES_AGGRESSIVE;
				CLANG_CXX_LANGUAGE_STANDARD = "gnu++14";
				CLANG_CXX_LIBRARY = "libc++";
				CLANG_ENABLE_MODULES = YES;
				CLANG_ENABLE_OBJC_ARC = YES;
				CLANG_ENABLE_OBJC_WEAK = YES;
				CLANG_WARN_BLOCK_CAPTURE_AUTORELEASING = YES;
				CLANG_WARN_BOOL_CONVERSION = YES;
				CLANG_WARN_COMMA = YES;
				CLANG_WARN_CONSTANT_CONVERSION = YES;
				CLANG_WARN_DEPRECATED_OBJC_IMPLEMENTATIONS = YES;
				CLANG_WARN_DIRECT_OBJC_ISA_USAGE = YES_ERROR;
				CLANG_WARN_DOCUMENTATION_COMMENTS = YES;
				CLANG_WARN_EMPTY_BODY = YES;
				CLANG_WARN_ENUM_CONVERSION = YES;
				CLANG_WARN_INFINITE_RECURSION = YES;
				CLANG_WARN_INT_CONVERSION = YES;
				CLANG_WARN_NON_LITERAL_NULL_CONVERSION = YES;
				CLANG_WARN_OBJC_IMPLICIT_RETAIN_SELF = YES;
				CLANG_WARN_OBJC_LITERAL_CONVERSION = YES;
				CLANG_WARN_OBJC_ROOT_CLASS = YES_ERROR;
				CLANG_WARN_QUOTED_INCLUDE_IN_FRAMEWORK_HEADER = YES;
				CLANG_WARN_RANGE_LOOP_ANALYSIS = YES;
				CLANG_WARN_STRICT_PROTOTYPES = YES;
				CLANG_WARN_SUSPICIOUS_MOVE = YES;
				CLANG_WARN_UNGUARDED_AVAILABILITY = YES_AGGRESSIVE;
				CLANG_WARN_UNREACHABLE_CODE = YES;
				CLANG_WARN__DUPLICATE_METHOD_MATCH = YES;
				COPY_PHASE_STRIP = NO;
				DEBUG_INFORMATION_FORMAT = "dwarf-with-dsym";
				ENABLE_NS_ASSERTIONS = NO;
				ENABLE_STRICT_OBJC_MSGSEND = YES;
				GCC_C_LANGUAGE_STANDARD = gnu11;
				GCC_NO_COMMON_BLOCKS = YES;
				GCC_WARN_64_TO_32_BIT_CONVERSION = YES;
				GCC_WARN_ABOUT_RETURN_TYPE = YES_ERROR;
				GCC_WARN_UNDECLARED_SELECTOR = YES;
				GCC_WARN_UNINITIALIZED_AUTOS = YES_AGGRESSIVE;
				GCC_WARN_UNUSED_FUNCTION = YES;
				GCC_WARN_UNUSED_VARIABLE = YES;
				IPHONEOS_DEPLOYMENT_TARGET = 14.3;
				MTL_ENABLE_DEBUG_INFO = NO;
				MTL_FAST_MATH = YES;
				SDKROOT = iphoneos;
				SWIFT_COMPILATION_MODE = wholemodule;
				SWIFT_OPTIMIZATION_LEVEL = "-O";
				VALIDATE_PRODUCT = YES;
			};
			name = Release;
		};
		8641739325B27D3D00AD5625 /* Debug */ = {
			isa = XCBuildConfiguration;
			baseConfigurationReference = 0A0B84C8E07E631689253B97 /* Pods-Scatagories.debug.xcconfig */;
			buildSettings = {
				ASSETCATALOG_COMPILER_APPICON_NAME = AppIcon;
				ASSETCATALOG_COMPILER_GLOBAL_ACCENT_COLOR_NAME = AccentColor;
				CODE_SIGN_STYLE = Automatic;
				DEVELOPMENT_ASSET_PATHS = "\"Zoomigories/Preview Content\"";
				DEVELOPMENT_TEAM = YK2CP5USLV;
				ENABLE_PREVIEWS = YES;
				INFOPLIST_FILE = Zoomigories/Info.plist;
				IPHONEOS_DEPLOYMENT_TARGET = 14.0;
				LD_RUNPATH_SEARCH_PATHS = (
					"$(inherited)",
					"@executable_path/Frameworks",
				);
				MARKETING_VERSION = 0.1.2;
				PRODUCT_BUNDLE_IDENTIFIER = com.ppc.Zoomigories;
				PRODUCT_NAME = Zoomigories;
				SWIFT_VERSION = 5.0;
				TARGETED_DEVICE_FAMILY = "1,2";
			};
			name = Debug;
		};
		8641739425B27D3D00AD5625 /* Release */ = {
			isa = XCBuildConfiguration;
			baseConfigurationReference = 84468D09743EA73E1BB93A2E /* Pods-Scatagories.release.xcconfig */;
			buildSettings = {
				ASSETCATALOG_COMPILER_APPICON_NAME = AppIcon;
				ASSETCATALOG_COMPILER_GLOBAL_ACCENT_COLOR_NAME = AccentColor;
				CODE_SIGN_STYLE = Automatic;
				DEVELOPMENT_ASSET_PATHS = "\"Zoomigories/Preview Content\"";
				DEVELOPMENT_TEAM = YK2CP5USLV;
				ENABLE_PREVIEWS = YES;
				INFOPLIST_FILE = Zoomigories/Info.plist;
				IPHONEOS_DEPLOYMENT_TARGET = 14.0;
				LD_RUNPATH_SEARCH_PATHS = (
					"$(inherited)",
					"@executable_path/Frameworks",
				);
				MARKETING_VERSION = 0.1.2;
				PRODUCT_BUNDLE_IDENTIFIER = com.ppc.Zoomigories;
				PRODUCT_NAME = Zoomigories;
				SWIFT_VERSION = 5.0;
				TARGETED_DEVICE_FAMILY = "1,2";
			};
			name = Release;
		};
/* End XCBuildConfiguration section */

/* Begin XCConfigurationList section */
		8641737E25B27D3A00AD5625 /* Build configuration list for PBXProject "Scatagories" */ = {
			isa = XCConfigurationList;
			buildConfigurations = (
				8641739025B27D3D00AD5625 /* Debug */,
				8641739125B27D3D00AD5625 /* Release */,
			);
			defaultConfigurationIsVisible = 0;
			defaultConfigurationName = Release;
		};
		8641739225B27D3D00AD5625 /* Build configuration list for PBXNativeTarget "Scatagories" */ = {
			isa = XCConfigurationList;
			buildConfigurations = (
				8641739325B27D3D00AD5625 /* Debug */,
				8641739425B27D3D00AD5625 /* Release */,
			);
			defaultConfigurationIsVisible = 0;
			defaultConfigurationName = Release;
		};
/* End XCConfigurationList section */

/* Begin XCRemoteSwiftPackageReference section */
		867E0E1C25BFA34600459CF1 /* XCRemoteSwiftPackageReference "socket.io-client-swift" */ = {
			isa = XCRemoteSwiftPackageReference;
			repositoryURL = "https://github.com/socketio/socket.io-client-swift.git";
			requirement = {
				kind = upToNextMajorVersion;
				minimumVersion = 15.2.0;
			};
		};
/* End XCRemoteSwiftPackageReference section */

/* Begin XCSwiftPackageProductDependency section */
		867E0E1D25BFA34600459CF1 /* SocketIO */ = {
			isa = XCSwiftPackageProductDependency;
			package = 867E0E1C25BFA34600459CF1 /* XCRemoteSwiftPackageReference "socket.io-client-swift" */;
			productName = SocketIO;
		};
/* End XCSwiftPackageProductDependency section */
	};
	rootObject = 8641737B25B27D3A00AD5625 /* Project object */;
}
